// !$*UTF8*$!
{
	archiveVersion = 1;
	classes = {
	};
	objectVersion = 55;
	objects = {

/* Begin PBXBuildFile section */
		8D46132A287EED99009F8F74 /* AppDelegate.swift in Sources */ = {isa = PBXBuildFile; fileRef = 8D461329287EED99009F8F74 /* AppDelegate.swift */; };
		8D46132C287EED99009F8F74 /* SceneDelegate.swift in Sources */ = {isa = PBXBuildFile; fileRef = 8D46132B287EED99009F8F74 /* SceneDelegate.swift */; };
		8D46132E287EED99009F8F74 /* ViewController.swift in Sources */ = {isa = PBXBuildFile; fileRef = 8D46132D287EED99009F8F74 /* ViewController.swift */; };
		8D461331287EED99009F8F74 /* Main.storyboard in Resources */ = {isa = PBXBuildFile; fileRef = 8D46132F287EED99009F8F74 /* Main.storyboard */; };
		8D461333287EED9A009F8F74 /* Assets.xcassets in Resources */ = {isa = PBXBuildFile; fileRef = 8D461332287EED9A009F8F74 /* Assets.xcassets */; };
		8D461336287EED9A009F8F74 /* LaunchScreen.storyboard in Resources */ = {isa = PBXBuildFile; fileRef = 8D461334287EED9A009F8F74 /* LaunchScreen.storyboard */; };
		8D52FB8F287EEFCA00BAD36A /* Game.swift in Sources */ = {isa = PBXBuildFile; fileRef = 8D52FB8E287EEFCA00BAD36A /* Game.swift */; };
		8DE13A2D287EF0320022EEC0 /* NewRecordViewController.swift in Sources */ = {isa = PBXBuildFile; fileRef = 8DE13A2C287EF0320022EEC0 /* NewRecordViewController.swift */; };
/* End PBXBuildFile section */

/* Begin PBXFileReference section */
		8D461326287EED99009F8F74 /* Catch me.app */ = {isa = PBXFileReference; explicitFileType = wrapper.application; includeInIndex = 0; path = "Catch me.app"; sourceTree = BUILT_PRODUCTS_DIR; };
		8D461329287EED99009F8F74 /* AppDelegate.swift */ = {isa = PBXFileReference; lastKnownFileType = sourcecode.swift; path = AppDelegate.swift; sourceTree = "<group>"; };
		8D46132B287EED99009F8F74 /* SceneDelegate.swift */ = {isa = PBXFileReference; lastKnownFileType = sourcecode.swift; path = SceneDelegate.swift; sourceTree = "<group>"; };
		8D46132D287EED99009F8F74 /* ViewController.swift */ = {isa = PBXFileReference; lastKnownFileType = sourcecode.swift; path = ViewController.swift; sourceTree = "<group>"; };
		8D461330287EED99009F8F74 /* Base */ = {isa = PBXFileReference; lastKnownFileType = file.storyboard; name = Base; path = Base.lproj/Main.storyboard; sourceTree = "<group>"; };
		8D461332287EED9A009F8F74 /* Assets.xcassets */ = {isa = PBXFileReference; lastKnownFileType = folder.assetcatalog; path = Assets.xcassets; sourceTree = "<group>"; };
		8D461335287EED9A009F8F74 /* Base */ = {isa = PBXFileReference; lastKnownFileType = file.storyboard; name = Base; path = Base.lproj/LaunchScreen.storyboard; sourceTree = "<group>"; };
		8D461337287EED9A009F8F74 /* Info.plist */ = {isa = PBXFileReference; lastKnownFileType = text.plist.xml; path = Info.plist; sourceTree = "<group>"; };
		8D52FB8E287EEFCA00BAD36A /* Game.swift */ = {isa = PBXFileReference; lastKnownFileType = sourcecode.swift; path = Game.swift; sourceTree = "<group>"; };
		8DE13A2C287EF0320022EEC0 /* NewRecordViewController.swift */ = {isa = PBXFileReference; lastKnownFileType = sourcecode.swift; path = NewRecordViewController.swift; sourceTree = "<group>"; };
/* End PBXFileReference section */

/* Begin PBXFrameworksBuildPhase section */
		8D461323287EED99009F8F74 /* Frameworks */ = {
			isa = PBXFrameworksBuildPhase;
			buildActionMask = 2147483647;
			files = (
			);
			runOnlyForDeploymentPostprocessing = 0;
		};
/* End PBXFrameworksBuildPhase section */

/* Begin PBXGroup section */
		8D46131D287EED99009F8F74 = {
			isa = PBXGroup;
			children = (
				8D461328287EED99009F8F74 /* Catch me */,
				8D461327287EED99009F8F74 /* Products */,
			);
			sourceTree = "<group>";
		};
		8D461327287EED99009F8F74 /* Products */ = {
			isa = PBXGroup;
			children = (
				8D461326287EED99009F8F74 /* Catch me.app */,
			);
			name = Products;
			sourceTree = "<group>";
		};
		8D461328287EED99009F8F74 /* Catch me */ = {
			isa = PBXGroup;
			children = (
				8D461329287EED99009F8F74 /* AppDelegate.swift */,
				8D46132B287EED99009F8F74 /* SceneDelegate.swift */,
				8D46132D287EED99009F8F74 /* ViewController.swift */,
				8D52FB8E287EEFCA00BAD36A /* Game.swift */,
				8D46132F287EED99009F8F74 /* Main.storyboard */,
				8D461332287EED9A009F8F74 /* Assets.xcassets */,
				8D461334287EED9A009F8F74 /* LaunchScreen.storyboard */,
				8D461337287EED9A009F8F74 /* Info.plist */,
				8DE13A2C287EF0320022EEC0 /* NewRecordViewController.swift */,
			);
			path = "Catch me";
			sourceTree = "<group>";
		};
/* End PBXGroup section */

/* Begin PBXNativeTarget section */
		8D461325287EED99009F8F74 /* Catch me */ = {
			isa = PBXNativeTarget;
			buildConfigurationList = 8D46133A287EED9A009F8F74 /* Build configuration list for PBXNativeTarget "Catch me" */;
			buildPhases = (
				8D461322287EED99009F8F74 /* Sources */,
				8D461323287EED99009F8F74 /* Frameworks */,
				8D461324287EED99009F8F74 /* Resources */,
			);
			buildRules = (
			);
			dependencies = (
			);
			name = "Catch me";
			productName = "Catch me";
			productReference = 8D461326287EED99009F8F74 /* Catch me.app */;
			productType = "com.apple.product-type.application";
		};
/* End PBXNativeTarget section */

/* Begin PBXProject section */
		8D46131E287EED99009F8F74 /* Project object */ = {
			isa = PBXProject;
			attributes = {
				BuildIndependentTargetsInParallel = 1;
				LastSwiftUpdateCheck = 1340;
				LastUpgradeCheck = 1340;
				TargetAttributes = {
					8D461325287EED99009F8F74 = {
						CreatedOnToolsVersion = 13.4.1;
					};
				};
			};
			buildConfigurationList = 8D461321287EED99009F8F74 /* Build configuration list for PBXProject "Catch me" */;
			compatibilityVersion = "Xcode 13.0";
			developmentRegion = en;
			hasScannedForEncodings = 0;
			knownRegions = (
				en,
				Base,
			);
			mainGroup = 8D46131D287EED99009F8F74;
			productRefGroup = 8D461327287EED99009F8F74 /* Products */;
			projectDirPath = "";
			projectRoot = "";
			targets = (
				8D461325287EED99009F8F74 /* Catch me */,
			);
		};
/* End PBXProject section */

/* Begin PBXResourcesBuildPhase section */
		8D461324287EED99009F8F74 /* Resources */ = {
			isa = PBXResourcesBuildPhase;
			buildActionMask = 2147483647;
			files = (
				8D461336287EED9A009F8F74 /* LaunchScreen.storyboard in Resources */,
				8D461333287EED9A009F8F74 /* Assets.xcassets in Resources */,
				8D461331287EED99009F8F74 /* Main.storyboard in Resources */,
			);
			runOnlyForDeploymentPostprocessing = 0;
		};
/* End PBXResourcesBuildPhase section */

/* Begin PBXSourcesBuildPhase section */
		8D461322287EED99009F8F74 /* Sources */ = {
			isa = PBXSourcesBuildPhase;
			buildActionMask = 2147483647;
			files = (
				8D46132E287EED99009F8F74 /* ViewController.swift in Sources */,
				8D46132A287EED99009F8F74 /* AppDelegate.swift in Sources */,
				8D46132C287EED99009F8F74 /* SceneDelegate.swift in Sources */,
				8D52FB8F287EEFCA00BAD36A /* Game.swift in Sources */,
				8DE13A2D287EF0320022EEC0 /* NewRecordViewController.swift in Sources */,
			);
			runOnlyForDeploymentPostprocessing = 0;
		};
/* End PBXSourcesBuildPhase section */

/* Begin PBXVariantGroup section */
		8D46132F287EED99009F8F74 /* Main.storyboard */ = {
			isa = PBXVariantGroup;
			children = (
				8D461330287EED99009F8F74 /* Base */,
			);
			name = Main.storyboard;
			sourceTree = "<group>";
		};
		8D461334287EED9A009F8F74 /* LaunchScreen.storyboard */ = {
			isa = PBXVariantGroup;
			children = (
				8D461335287EED9A009F8F74 /* Base */,
			);
			name = LaunchScreen.storyboard;
			sourceTree = "<group>";
		};
/* End PBXVariantGroup section */

/* Begin XCBuildConfiguration section */
		8D461338287EED9A009F8F74 /* Debug */ = {
			isa = XCBuildConfiguration;
			buildSettings = {
				ALWAYS_SEARCH_USER_PATHS = NO;
				CLANG_ANALYZER_NONNULL = YES;
				CLANG_ANALYZER_NUMBER_OBJECT_CONVERSION = YES_AGGRESSIVE;
				CLANG_CXX_LANGUAGE_STANDARD = "gnu++17";
				CLANG_ENABLE_MODULES = YES;
				CLANG_ENABLE_OBJC_ARC = YES;
				CLANG_ENABLE_OBJC_WEAK = YES;
				CLANG_WARN_BLOCK_CAPTURE_AUTORELEASING = YES;
				CLANG_WARN_BOOL_CONVERSION = YES;
				CLANG_WARN_COMMA = YES;
				CLANG_WARN_CONSTANT_CONVERSION = YES;
				CLANG_WARN_DEPRECATED_OBJC_IMPLEMENTATIONS = YES;
				CLANG_WARN_DIRECT_OBJC_ISA_USAGE = YES_ERROR;
				CLANG_WARN_DOCUMENTATION_COMMENTS = YES;
				CLANG_WARN_EMPTY_BODY = YES;
				CLANG_WARN_ENUM_CONVERSION = YES;
				CLANG_WARN_INFINITE_RECURSION = YES;
				CLANG_WARN_INT_CONVERSION = YES;
				CLANG_WARN_NON_LITERAL_NULL_CONVERSION = YES;
				CLANG_WARN_OBJC_IMPLICIT_RETAIN_SELF = YES;
				CLANG_WARN_OBJC_LITERAL_CONVERSION = YES;
				CLANG_WARN_OBJC_ROOT_CLASS = YES_ERROR;
				CLANG_WARN_QUOTED_INCLUDE_IN_FRAMEWORK_HEADER = YES;
				CLANG_WARN_RANGE_LOOP_ANALYSIS = YES;
				CLANG_WARN_STRICT_PROTOTYPES = YES;
				CLANG_WARN_SUSPICIOUS_MOVE = YES;
				CLANG_WARN_UNGUARDED_AVAILABILITY = YES_AGGRESSIVE;
				CLANG_WARN_UNREACHABLE_CODE = YES;
				CLANG_WARN__DUPLICATE_METHOD_MATCH = YES;
				COPY_PHASE_STRIP = NO;
				DEBUG_INFORMATION_FORMAT = dwarf;
				ENABLE_STRICT_OBJC_MSGSEND = YES;
				ENABLE_TESTABILITY = YES;
				GCC_C_LANGUAGE_STANDARD = gnu11;
				GCC_DYNAMIC_NO_PIC = NO;
				GCC_NO_COMMON_BLOCKS = YES;
				GCC_OPTIMIZATION_LEVEL = 0;
				GCC_PREPROCESSOR_DEFINITIONS = (
					"DEBUG=1",
					"$(inherited)",
				);
				GCC_WARN_64_TO_32_BIT_CONVERSION = YES;
				GCC_WARN_ABOUT_RETURN_TYPE = YES_ERROR;
				GCC_WARN_UNDECLARED_SELECTOR = YES;
				GCC_WARN_UNINITIALIZED_AUTOS = YES_AGGRESSIVE;
				GCC_WARN_UNUSED_FUNCTION = YES;
				GCC_WARN_UNUSED_VARIABLE = YES;
				IPHONEOS_DEPLOYMENT_TARGET = 15.5;
				MTL_ENABLE_DEBUG_INFO = INCLUDE_SOURCE;
				MTL_FAST_MATH = YES;
				ONLY_ACTIVE_ARCH = YES;
				SDKROOT = iphoneos;
				SWIFT_ACTIVE_COMPILATION_CONDITIONS = DEBUG;
				SWIFT_OPTIMIZATION_LEVEL = "-Onone";
			};
			name = Debug;
		};
		8D461339287EED9A009F8F74 /* Release */ = {
			isa = XCBuildConfiguration;
			buildSettings = {
				ALWAYS_SEARCH_USER_PATHS = NO;
				CLANG_ANALYZER_NONNULL = YES;
				CLANG_ANALYZER_NUMBER_OBJECT_CONVERSION = YES_AGGRESSIVE;
				CLANG_CXX_LANGUAGE_STANDARD = "gnu++17";
				CLANG_ENABLE_MODULES = YES;
				CLANG_ENABLE_OBJC_ARC = YES;
				CLANG_ENABLE_OBJC_WEAK = YES;
				CLANG_WARN_BLOCK_CAPTURE_AUTORELEASING = YES;
				CLANG_WARN_BOOL_CONVERSION = YES;
				CLANG_WARN_COMMA = YES;
				CLANG_WARN_CONSTANT_CONVERSION = YES;
				CLANG_WARN_DEPRECATED_OBJC_IMPLEMENTATIONS = YES;
				CLANG_WARN_DIRECT_OBJC_ISA_USAGE = YES_ERROR;
				CLANG_WARN_DOCUMENTATION_COMMENTS = YES;
				CLANG_WARN_EMPTY_BODY = YES;
				CLANG_WARN_ENUM_CONVERSION = YES;
				CLANG_WARN_INFINITE_RECURSION = YES;
				CLANG_WARN_INT_CONVERSION = YES;
				CLANG_WARN_NON_LITERAL_NULL_CONVERSION = YES;
				CLANG_WARN_OBJC_IMPLICIT_RETAIN_SELF = YES;
				CLANG_WARN_OBJC_LITERAL_CONVERSION = YES;
				CLANG_WARN_OBJC_ROOT_CLASS = YES_ERROR;
				CLANG_WARN_QUOTED_INCLUDE_IN_FRAMEWORK_HEADER = YES;
				CLANG_WARN_RANGE_LOOP_ANALYSIS = YES;
				CLANG_WARN_STRICT_PROTOTYPES = YES;
				CLANG_WARN_SUSPICIOUS_MOVE = YES;
				CLANG_WARN_UNGUARDED_AVAILABILITY = YES_AGGRESSIVE;
				CLANG_WARN_UNREACHABLE_CODE = YES;
				CLANG_WARN__DUPLICATE_METHOD_MATCH = YES;
				COPY_PHASE_STRIP = NO;
				DEBUG_INFORMATION_FORMAT = "dwarf-with-dsym";
				ENABLE_NS_ASSERTIONS = NO;
				ENABLE_STRICT_OBJC_MSGSEND = YES;
				GCC_C_LANGUAGE_STANDARD = gnu11;
				GCC_NO_COMMON_BLOCKS = YES;
				GCC_WARN_64_TO_32_BIT_CONVERSION = YES;
				GCC_WARN_ABOUT_RETURN_TYPE = YES_ERROR;
				GCC_WARN_UNDECLARED_SELECTOR = YES;
				GCC_WARN_UNINITIALIZED_AUTOS = YES_AGGRESSIVE;
				GCC_WARN_UNUSED_FUNCTION = YES;
				GCC_WARN_UNUSED_VARIABLE = YES;
				IPHONEOS_DEPLOYMENT_TARGET = 15.5;
				MTL_ENABLE_DEBUG_INFO = NO;
				MTL_FAST_MATH = YES;
				SDKROOT = iphoneos;
				SWIFT_COMPILATION_MODE = wholemodule;
				SWIFT_OPTIMIZATION_LEVEL = "-O";
				VALIDATE_PRODUCT = YES;
			};
			name = Release;
		};
		8D46133B287EED9A009F8F74 /* Debug */ = {
			isa = XCBuildConfiguration;
			buildSettings = {
				ASSETCATALOG_COMPILER_APPICON_NAME = AppIcon;
				ASSETCATALOG_COMPILER_GLOBAL_ACCENT_COLOR_NAME = AccentColor;
				CODE_SIGN_STYLE = Automatic;
				CURRENT_PROJECT_VERSION = 1;
				DEVELOPMENT_TEAM = HQ373SJ5Z4;
				GENERATE_INFOPLIST_FILE = YES;
				INFOPLIST_FILE = "Catch me/Info.plist";
				INFOPLIST_KEY_CFBundleDisplayName = "Catch me";
				INFOPLIST_KEY_UIApplicationSupportsIndirectInputEvents = YES;
				INFOPLIST_KEY_UILaunchStoryboardName = LaunchScreen;
				INFOPLIST_KEY_UIMainStoryboardFile = Main;
				INFOPLIST_KEY_UISupportedInterfaceOrientations_iPad = "UIInterfaceOrientationPortrait UIInterfaceOrientationPortraitUpsideDown UIInterfaceOrientationLandscapeLeft UIInterfaceOrientationLandscapeRight";
				INFOPLIST_KEY_UISupportedInterfaceOrientations_iPhone = "UIInterfaceOrientationPortrait UIInterfaceOrientationLandscapeLeft UIInterfaceOrientationLandscapeRight";
				LD_RUNPATH_SEARCH_PATHS = (
					"$(inherited)",
					"@executable_path/Frameworks",
				);
				MARKETING_VERSION = 1.0;
				PRODUCT_BUNDLE_IDENTIFIER = "Kirill.Catch-me";
				PRODUCT_NAME = "$(TARGET_NAME)";
				SWIFT_EMIT_LOC_STRINGS = YES;
				SWIFT_VERSION = 5.0;
				TARGETED_DEVICE_FAMILY = "1,2";
			};
			name = Debug;
		};
		8D46133C287EED9A009F8F74 /* Release */ = {
			isa = XCBuildConfiguration;
			buildSettings = {
				ASSETCATALOG_COMPILER_APPICON_NAME = AppIcon;
				ASSETCATALOG_COMPILER_GLOBAL_ACCENT_COLOR_NAME = AccentColor;
				CODE_SIGN_STYLE = Automatic;
				CURRENT_PROJECT_VERSION = 1;
				DEVELOPMENT_TEAM = HQ373SJ5Z4;
				GENERATE_INFOPLIST_FILE = YES;
				INFOPLIST_FILE = "Catch me/Info.plist";
				INFOPLIST_KEY_CFBundleDisplayName = "Catch me";
				INFOPLIST_KEY_UIApplicationSupportsIndirectInputEvents = YES;
				INFOPLIST_KEY_UILaunchStoryboardName = LaunchScreen;
				INFOPLIST_KEY_UIMainStoryboardFile = Main;
				INFOPLIST_KEY_UISupportedInterfaceOrientations_iPad = "UIInterfaceOrientationPortrait UIInterfaceOrientationPortraitUpsideDown UIInterfaceOrientationLandscapeLeft UIInterfaceOrientationLandscapeRight";
				INFOPLIST_KEY_UISupportedInterfaceOrientations_iPhone = "UIInterfaceOrientationPortrait UIInterfaceOrientationLandscapeLeft UIInterfaceOrientationLandscapeRight";
				LD_RUNPATH_SEARCH_PATHS = (
					"$(inherited)",
					"@executable_path/Frameworks",
				);
				MARKETING_VERSION = 1.0;
				PRODUCT_BUNDLE_IDENTIFIER = "Kirill.Catch-me";
				PRODUCT_NAME = "$(TARGET_NAME)";
				SWIFT_EMIT_LOC_STRINGS = YES;
				SWIFT_VERSION = 5.0;
				TARGETED_DEVICE_FAMILY = "1,2";
			};
			name = Release;
		};
/* End XCBuildConfiguration section */

/* Begin XCConfigurationList section */
		8D461321287EED99009F8F74 /* Build configuration list for PBXProject "Catch me" */ = {
			isa = XCConfigurationList;
			buildConfigurations = (
				8D461338287EED9A009F8F74 /* Debug */,
				8D461339287EED9A009F8F74 /* Release */,
			);
			defaultConfigurationIsVisible = 0;
			defaultConfigurationName = Release;
		};
		8D46133A287EED9A009F8F74 /* Build configuration list for PBXNativeTarget "Catch me" */ = {
			isa = XCConfigurationList;
			buildConfigurations = (
				8D46133B287EED9A009F8F74 /* Debug */,
				8D46133C287EED9A009F8F74 /* Release */,
			);
			defaultConfigurationIsVisible = 0;
			defaultConfigurationName = Release;
		};
/* End XCConfigurationList section */
	};
	rootObject = 8D46131E287EED99009F8F74 /* Project object */;
}
